
Microsoft Visual Studio Solution File, Format Version 12.00
# Visual Studio Version 16
VisualStudioVersion = 16.0.31129.286
MinimumVisualStudioVersion = 10.0.40219.1
Project("{FAE04EC0-301F-11D3-BF4B-00C04F79EFBC}") = "leetcode_lib", "leetcode_lib\leetcode_lib.csproj", "{F9210549-571F-40BE-AB63-145D371FFC4E}"
EndProject
Project("{FAE04EC0-301F-11D3-BF4B-00C04F79EFBC}") = "leetcode_libTests", "leetcode_libTests\leetcode_libTests.csproj", "{62D5B7CB-A34C-4E0B-AFEE-D07D2F7DA715}"
EndProject
Global
	GlobalSection(SolutionConfigurationPlatforms) = preSolution
		Debug|Any CPU = Debug|Any CPU
		Release|Any CPU = Release|Any CPU
	EndGlobalSection
	GlobalSection(ProjectConfigurationPlatforms) = postSolution
		{F9210549-571F-40BE-AB63-145D371FFC4E}.Debug|Any CPU.ActiveCfg = Debug|Any CPU
		{F9210549-571F-40BE-AB63-145D371FFC4E}.Debug|Any CPU.Build.0 = Debug|Any CPU
		{F9210549-571F-40BE-AB63-145D371FFC4E}.Release|Any CPU.ActiveCfg = Release|Any CPU
		{F9210549-571F-40BE-AB63-145D371FFC4E}.Release|Any CPU.Build.0 = Release|Any CPU
		{62D5B7CB-A34C-4E0B-AFEE-D07D2F7DA715}.Debug|Any CPU.ActiveCfg = Debug|Any CPU
		{62D5B7CB-A34C-4E0B-AFEE-D07D2F7DA715}.Debug|Any CPU.Build.0 = Debug|Any CPU
		{62D5B7CB-A34C-4E0B-AFEE-D07D2F7DA715}.Release|Any CPU.ActiveCfg = Release|Any CPU
		{62D5B7CB-A34C-4E0B-AFEE-D07D2F7DA715}.Release|Any CPU.Build.0 = Release|Any CPU
	EndGlobalSection
	GlobalSection(SolutionProperties) = preSolution
		HideSolutionNode = FALSE
	EndGlobalSection
	GlobalSection(ExtensibilityGlobals) = postSolution
		SolutionGuid = {9ED2CB04-74C8-42C3-A21F-EF07E00287B9}
	EndGlobalSection
EndGlobal
